// !$*UTF8*$!
{
	archiveVersion = 1;
	classes = {
	};
	objectVersion = 56;
	objects = {

/* Begin PBXBuildFile section */
		7E6557922C595653003BF801 /* BlahBlahChatAppApp.swift in Sources */ = {isa = PBXBuildFile; fileRef = 7E6557912C595653003BF801 /* BlahBlahChatAppApp.swift */; };
		7E6557942C595653003BF801 /* ContentView.swift in Sources */ = {isa = PBXBuildFile; fileRef = 7E6557932C595653003BF801 /* ContentView.swift */; };
		7E6557962C595655003BF801 /* Assets.xcassets in Resources */ = {isa = PBXBuildFile; fileRef = 7E6557952C595655003BF801 /* Assets.xcassets */; };
		7E6557992C595655003BF801 /* Preview Assets.xcassets in Resources */ = {isa = PBXBuildFile; fileRef = 7E6557982C595655003BF801 /* Preview Assets.xcassets */; };
		7E6557AB2C595A9C003BF801 /* LoginView.swift in Sources */ = {isa = PBXBuildFile; fileRef = 7E6557AA2C595A9C003BF801 /* LoginView.swift */; };
		7E6557AE2C595AB4003BF801 /* SignUpView.swift in Sources */ = {isa = PBXBuildFile; fileRef = 7E6557AD2C595AB4003BF801 /* SignUpView.swift */; };
/* End PBXBuildFile section */

/* Begin PBXFileReference section */
		7E65578E2C595653003BF801 /* BlahBlahChatApp.app */ = {isa = PBXFileReference; explicitFileType = wrapper.application; includeInIndex = 0; path = BlahBlahChatApp.app; sourceTree = BUILT_PRODUCTS_DIR; };
		7E6557912C595653003BF801 /* BlahBlahChatAppApp.swift */ = {isa = PBXFileReference; lastKnownFileType = sourcecode.swift; path = BlahBlahChatAppApp.swift; sourceTree = "<group>"; };
		7E6557932C595653003BF801 /* ContentView.swift */ = {isa = PBXFileReference; lastKnownFileType = sourcecode.swift; path = ContentView.swift; sourceTree = "<group>"; };
		7E6557952C595655003BF801 /* Assets.xcassets */ = {isa = PBXFileReference; lastKnownFileType = folder.assetcatalog; path = Assets.xcassets; sourceTree = "<group>"; };
		7E6557982C595655003BF801 /* Preview Assets.xcassets */ = {isa = PBXFileReference; lastKnownFileType = folder.assetcatalog; path = "Preview Assets.xcassets"; sourceTree = "<group>"; };
		7E6557AA2C595A9C003BF801 /* LoginView.swift */ = {isa = PBXFileReference; lastKnownFileType = sourcecode.swift; path = LoginView.swift; sourceTree = "<group>"; };
		7E6557AD2C595AB4003BF801 /* SignUpView.swift */ = {isa = PBXFileReference; lastKnownFileType = sourcecode.swift; path = SignUpView.swift; sourceTree = "<group>"; };
/* End PBXFileReference section */

/* Begin PBXFrameworksBuildPhase section */
		7E65578B2C595653003BF801 /* Frameworks */ = {
			isa = PBXFrameworksBuildPhase;
			buildActionMask = 2147483647;
			files = (
			);
			runOnlyForDeploymentPostprocessing = 0;
		};
/* End PBXFrameworksBuildPhase section */

/* Begin PBXGroup section */
		7E6557852C595652003BF801 = {
			isa = PBXGroup;
			children = (
				7E6557902C595653003BF801 /* BlahBlahChatApp */,
				7E65578F2C595653003BF801 /* Products */,
			);
			sourceTree = "<group>";
		};
		7E65578F2C595653003BF801 /* Products */ = {
			isa = PBXGroup;
			children = (
				7E65578E2C595653003BF801 /* BlahBlahChatApp.app */,
			);
			name = Products;
			sourceTree = "<group>";
		};
		7E6557902C595653003BF801 /* BlahBlahChatApp */ = {
			isa = PBXGroup;
			children = (
				7E65579F2C59581F003BF801 /* App */,
				7E6557A02C59582A003BF801 /* Core */,
				7E6557A22C59586A003BF801 /* Extension */,
				7E6557A12C595865003BF801 /* Model */,
				7E6557A32C595873003BF801 /* Service */,
				7E6557952C595655003BF801 /* Assets.xcassets */,
				7E6557972C595655003BF801 /* Preview Content */,
			);
			path = BlahBlahChatApp;
			sourceTree = "<group>";
		};
		7E6557972C595655003BF801 /* Preview Content */ = {
			isa = PBXGroup;
			children = (
				7E6557982C595655003BF801 /* Preview Assets.xcassets */,
			);
			path = "Preview Content";
			sourceTree = "<group>";
		};
		7E65579F2C59581F003BF801 /* App */ = {
			isa = PBXGroup;
			children = (
				7E6557912C595653003BF801 /* BlahBlahChatAppApp.swift */,
			);
			path = App;
			sourceTree = "<group>";
		};
		7E6557A02C59582A003BF801 /* Core */ = {
			isa = PBXGroup;
			children = (
				7E6557A62C595A67003BF801 /* Authentication */,
				7E6557A42C59587A003BF801 /* Root */,
			);
			path = Core;
			sourceTree = "<group>";
		};
		7E6557A12C595865003BF801 /* Model */ = {
			isa = PBXGroup;
			children = (
			);
			path = Model;
			sourceTree = "<group>";
		};
		7E6557A22C59586A003BF801 /* Extension */ = {
			isa = PBXGroup;
			children = (
			);
			path = Extension;
			sourceTree = "<group>";
		};
		7E6557A32C595873003BF801 /* Service */ = {
			isa = PBXGroup;
			children = (
			);
			path = Service;
			sourceTree = "<group>";
		};
		7E6557A42C59587A003BF801 /* Root */ = {
			isa = PBXGroup;
			children = (
				7E6557A52C5958A8003BF801 /* View */,
			);
			path = Root;
			sourceTree = "<group>";
		};
		7E6557A52C5958A8003BF801 /* View */ = {
			isa = PBXGroup;
			children = (
				7E6557932C595653003BF801 /* ContentView.swift */,
			);
			path = View;
			sourceTree = "<group>";
		};
		7E6557A62C595A67003BF801 /* Authentication */ = {
			isa = PBXGroup;
			children = (
				7E6557A82C595A7F003BF801 /* SignUp */,
				7E6557A72C595A71003BF801 /* Login */,
			);
			path = Authentication;
			sourceTree = "<group>";
		};
		7E6557A72C595A71003BF801 /* Login */ = {
			isa = PBXGroup;
			children = (
				7E6557A92C595A87003BF801 /* View */,
			);
			path = Login;
			sourceTree = "<group>";
		};
		7E6557A82C595A7F003BF801 /* SignUp */ = {
			isa = PBXGroup;
			children = (
				7E6557AC2C595AA8003BF801 /* View */,
			);
			path = SignUp;
			sourceTree = "<group>";
		};
		7E6557A92C595A87003BF801 /* View */ = {
			isa = PBXGroup;
			children = (
				7E6557AA2C595A9C003BF801 /* LoginView.swift */,
			);
			path = View;
			sourceTree = "<group>";
		};
		7E6557AC2C595AA8003BF801 /* View */ = {
			isa = PBXGroup;
			children = (
				7E6557AD2C595AB4003BF801 /* SignUpView.swift */,
			);
			path = View;
			sourceTree = "<group>";
		};
/* End PBXGroup section */

/* Begin PBXNativeTarget section */
		7E65578D2C595653003BF801 /* BlahBlahChatApp */ = {
			isa = PBXNativeTarget;
			buildConfigurationList = 7E65579C2C595655003BF801 /* Build configuration list for PBXNativeTarget "BlahBlahChatApp" */;
			buildPhases = (
				7E65578A2C595653003BF801 /* Sources */,
				7E65578B2C595653003BF801 /* Frameworks */,
				7E65578C2C595653003BF801 /* Resources */,
			);
			buildRules = (
			);
			dependencies = (
			);
			name = BlahBlahChatApp;
			productName = BlahBlahChatApp;
			productReference = 7E65578E2C595653003BF801 /* BlahBlahChatApp.app */;
			productType = "com.apple.product-type.application";
		};
/* End PBXNativeTarget section */

/* Begin PBXProject section */
		7E6557862C595653003BF801 /* Project object */ = {
			isa = PBXProject;
			attributes = {
				BuildIndependentTargetsInParallel = 1;
				LastSwiftUpdateCheck = 1520;
				LastUpgradeCheck = 1520;
				TargetAttributes = {
					7E65578D2C595653003BF801 = {
						CreatedOnToolsVersion = 15.2;
					};
				};
			};
			buildConfigurationList = 7E6557892C595653003BF801 /* Build configuration list for PBXProject "BlahBlahChatApp" */;
			compatibilityVersion = "Xcode 14.0";
			developmentRegion = en;
			hasScannedForEncodings = 0;
			knownRegions = (
				en,
				Base,
			);
			mainGroup = 7E6557852C595652003BF801;
			productRefGroup = 7E65578F2C595653003BF801 /* Products */;
			projectDirPath = "";
			projectRoot = "";
			targets = (
				7E65578D2C595653003BF801 /* BlahBlahChatApp */,
			);
		};
/* End PBXProject section */

/* Begin PBXResourcesBuildPhase section */
		7E65578C2C595653003BF801 /* Resources */ = {
			isa = PBXResourcesBuildPhase;
			buildActionMask = 2147483647;
			files = (
				7E6557992C595655003BF801 /* Preview Assets.xcassets in Resources */,
				7E6557962C595655003BF801 /* Assets.xcassets in Resources */,
			);
			runOnlyForDeploymentPostprocessing = 0;
		};
/* End PBXResourcesBuildPhase section */

/* Begin PBXSourcesBuildPhase section */
		7E65578A2C595653003BF801 /* Sources */ = {
			isa = PBXSourcesBuildPhase;
			buildActionMask = 2147483647;
			files = (
				7E6557AE2C595AB4003BF801 /* SignUpView.swift in Sources */,
				7E6557AB2C595A9C003BF801 /* LoginView.swift in Sources */,
				7E6557942C595653003BF801 /* ContentView.swift in Sources */,
				7E6557922C595653003BF801 /* BlahBlahChatAppApp.swift in Sources */,
			);
			runOnlyForDeploymentPostprocessing = 0;
		};
/* End PBXSourcesBuildPhase section */

/* Begin XCBuildConfiguration section */
		7E65579A2C595655003BF801 /* Debug */ = {
			isa = XCBuildConfiguration;
			buildSettings = {
				ALWAYS_SEARCH_USER_PATHS = NO;
				ASSETCATALOG_COMPILER_GENERATE_SWIFT_ASSET_SYMBOL_EXTENSIONS = YES;
				CLANG_ANALYZER_NONNULL = YES;
				CLANG_ANALYZER_NUMBER_OBJECT_CONVERSION = YES_AGGRESSIVE;
				CLANG_CXX_LANGUAGE_STANDARD = "gnu++20";
				CLANG_ENABLE_MODULES = YES;
				CLANG_ENABLE_OBJC_ARC = YES;
				CLANG_ENABLE_OBJC_WEAK = YES;
				CLANG_WARN_BLOCK_CAPTURE_AUTORELEASING = YES;
				CLANG_WARN_BOOL_CONVERSION = YES;
				CLANG_WARN_COMMA = YES;
				CLANG_WARN_CONSTANT_CONVERSION = YES;
				CLANG_WARN_DEPRECATED_OBJC_IMPLEMENTATIONS = YES;
				CLANG_WARN_DIRECT_OBJC_ISA_USAGE = YES_ERROR;
				CLANG_WARN_DOCUMENTATION_COMMENTS = YES;
				CLANG_WARN_EMPTY_BODY = YES;
				CLANG_WARN_ENUM_CONVERSION = YES;
				CLANG_WARN_INFINITE_RECURSION = YES;
				CLANG_WARN_INT_CONVERSION = YES;
				CLANG_WARN_NON_LITERAL_NULL_CONVERSION = YES;
				CLANG_WARN_OBJC_IMPLICIT_RETAIN_SELF = YES;
				CLANG_WARN_OBJC_LITERAL_CONVERSION = YES;
				CLANG_WARN_OBJC_ROOT_CLASS = YES_ERROR;
				CLANG_WARN_QUOTED_INCLUDE_IN_FRAMEWORK_HEADER = YES;
				CLANG_WARN_RANGE_LOOP_ANALYSIS = YES;
				CLANG_WARN_STRICT_PROTOTYPES = YES;
				CLANG_WARN_SUSPICIOUS_MOVE = YES;
				CLANG_WARN_UNGUARDED_AVAILABILITY = YES_AGGRESSIVE;
				CLANG_WARN_UNREACHABLE_CODE = YES;
				CLANG_WARN__DUPLICATE_METHOD_MATCH = YES;
				COPY_PHASE_STRIP = NO;
				DEBUG_INFORMATION_FORMAT = dwarf;
				ENABLE_STRICT_OBJC_MSGSEND = YES;
				ENABLE_TESTABILITY = YES;
				ENABLE_USER_SCRIPT_SANDBOXING = YES;
				GCC_C_LANGUAGE_STANDARD = gnu17;
				GCC_DYNAMIC_NO_PIC = NO;
				GCC_NO_COMMON_BLOCKS = YES;
				GCC_OPTIMIZATION_LEVEL = 0;
				GCC_PREPROCESSOR_DEFINITIONS = (
					"DEBUG=1",
					"$(inherited)",
				);
				GCC_WARN_64_TO_32_BIT_CONVERSION = YES;
				GCC_WARN_ABOUT_RETURN_TYPE = YES_ERROR;
				GCC_WARN_UNDECLARED_SELECTOR = YES;
				GCC_WARN_UNINITIALIZED_AUTOS = YES_AGGRESSIVE;
				GCC_WARN_UNUSED_FUNCTION = YES;
				GCC_WARN_UNUSED_VARIABLE = YES;
				IPHONEOS_DEPLOYMENT_TARGET = 14.0;
				LOCALIZATION_PREFERS_STRING_CATALOGS = YES;
				MTL_ENABLE_DEBUG_INFO = INCLUDE_SOURCE;
				MTL_FAST_MATH = YES;
				ONLY_ACTIVE_ARCH = YES;
				SDKROOT = iphoneos;
				SWIFT_ACTIVE_COMPILATION_CONDITIONS = "DEBUG $(inherited)";
				SWIFT_OPTIMIZATION_LEVEL = "-Onone";
			};
			name = Debug;
		};
		7E65579B2C595655003BF801 /* Release */ = {
			isa = XCBuildConfiguration;
			buildSettings = {
				ALWAYS_SEARCH_USER_PATHS = NO;
				ASSETCATALOG_COMPILER_GENERATE_SWIFT_ASSET_SYMBOL_EXTENSIONS = YES;
				CLANG_ANALYZER_NONNULL = YES;
				CLANG_ANALYZER_NUMBER_OBJECT_CONVERSION = YES_AGGRESSIVE;
				CLANG_CXX_LANGUAGE_STANDARD = "gnu++20";
				CLANG_ENABLE_MODULES = YES;
				CLANG_ENABLE_OBJC_ARC = YES;
				CLANG_ENABLE_OBJC_WEAK = YES;
				CLANG_WARN_BLOCK_CAPTURE_AUTORELEASING = YES;
				CLANG_WARN_BOOL_CONVERSION = YES;
				CLANG_WARN_COMMA = YES;
				CLANG_WARN_CONSTANT_CONVERSION = YES;
				CLANG_WARN_DEPRECATED_OBJC_IMPLEMENTATIONS = YES;
				CLANG_WARN_DIRECT_OBJC_ISA_USAGE = YES_ERROR;
				CLANG_WARN_DOCUMENTATION_COMMENTS = YES;
				CLANG_WARN_EMPTY_BODY = YES;
				CLANG_WARN_ENUM_CONVERSION = YES;
				CLANG_WARN_INFINITE_RECURSION = YES;
				CLANG_WARN_INT_CONVERSION = YES;
				CLANG_WARN_NON_LITERAL_NULL_CONVERSION = YES;
				CLANG_WARN_OBJC_IMPLICIT_RETAIN_SELF = YES;
				CLANG_WARN_OBJC_LITERAL_CONVERSION = YES;
				CLANG_WARN_OBJC_ROOT_CLASS = YES_ERROR;
				CLANG_WARN_QUOTED_INCLUDE_IN_FRAMEWORK_HEADER = YES;
				CLANG_WARN_RANGE_LOOP_ANALYSIS = YES;
				CLANG_WARN_STRICT_PROTOTYPES = YES;
				CLANG_WARN_SUSPICIOUS_MOVE = YES;
				CLANG_WARN_UNGUARDED_AVAILABILITY = YES_AGGRESSIVE;
				CLANG_WARN_UNREACHABLE_CODE = YES;
				CLANG_WARN__DUPLICATE_METHOD_MATCH = YES;
				COPY_PHASE_STRIP = NO;
				DEBUG_INFORMATION_FORMAT = "dwarf-with-dsym";
				ENABLE_NS_ASSERTIONS = NO;
				ENABLE_STRICT_OBJC_MSGSEND = YES;
				ENABLE_USER_SCRIPT_SANDBOXING = YES;
				GCC_C_LANGUAGE_STANDARD = gnu17;
				GCC_NO_COMMON_BLOCKS = YES;
				GCC_WARN_64_TO_32_BIT_CONVERSION = YES;
				GCC_WARN_ABOUT_RETURN_TYPE = YES_ERROR;
				GCC_WARN_UNDECLARED_SELECTOR = YES;
				GCC_WARN_UNINITIALIZED_AUTOS = YES_AGGRESSIVE;
				GCC_WARN_UNUSED_FUNCTION = YES;
				GCC_WARN_UNUSED_VARIABLE = YES;
				IPHONEOS_DEPLOYMENT_TARGET = 14.0;
				LOCALIZATION_PREFERS_STRING_CATALOGS = YES;
				MTL_ENABLE_DEBUG_INFO = NO;
				MTL_FAST_MATH = YES;
				SDKROOT = iphoneos;
				SWIFT_COMPILATION_MODE = wholemodule;
				VALIDATE_PRODUCT = YES;
			};
			name = Release;
		};
		7E65579D2C595655003BF801 /* Debug */ = {
			isa = XCBuildConfiguration;
			buildSettings = {
				ASSETCATALOG_COMPILER_APPICON_NAME = AppIcon;
				ASSETCATALOG_COMPILER_GLOBAL_ACCENT_COLOR_NAME = AccentColor;
				CODE_SIGN_STYLE = Automatic;
				CURRENT_PROJECT_VERSION = 1;
				DEVELOPMENT_ASSET_PATHS = "\"BlahBlahChatApp/Preview Content\"";
				DEVELOPMENT_TEAM = 3686A6RW24;
				ENABLE_PREVIEWS = YES;
				GENERATE_INFOPLIST_FILE = YES;
				INFOPLIST_KEY_CFBundleDisplayName = "Blah Blah";
				INFOPLIST_KEY_LSApplicationCategoryType = "public.app-category.entertainment";
				INFOPLIST_KEY_UIApplicationSceneManifest_Generation = YES;
				INFOPLIST_KEY_UIApplicationSupportsIndirectInputEvents = YES;
				INFOPLIST_KEY_UILaunchScreen_Generation = YES;
				INFOPLIST_KEY_UISupportedInterfaceOrientations = UIInterfaceOrientationPortrait;
				LD_RUNPATH_SEARCH_PATHS = (
					"$(inherited)",
					"@executable_path/Frameworks",
				);
				MARKETING_VERSION = 1.0.0;
				PRODUCT_BUNDLE_IDENTIFIER = com.andrew.com.BlahBlahChatApp;
				PRODUCT_NAME = "$(TARGET_NAME)";
				SWIFT_EMIT_LOC_STRINGS = YES;
				SWIFT_VERSION = 5.0;
				TARGETED_DEVICE_FAMILY = "1,2";
			};
			name = Debug;
		};
		7E65579E2C595655003BF801 /* Release */ = {
			isa = XCBuildConfiguration;
			buildSettings = {
				ASSETCATALOG_COMPILER_APPICON_NAME = AppIcon;
				ASSETCATALOG_COMPILER_GLOBAL_ACCENT_COLOR_NAME = AccentColor;
				CODE_SIGN_STYLE = Automatic;
				CURRENT_PROJECT_VERSION = 1;
				DEVELOPMENT_ASSET_PATHS = "\"BlahBlahChatApp/Preview Content\"";
				DEVELOPMENT_TEAM = 3686A6RW24;
				ENABLE_PREVIEWS = YES;
				GENERATE_INFOPLIST_FILE = YES;
				INFOPLIST_KEY_CFBundleDisplayName = "Blah Blah";
				INFOPLIST_KEY_LSApplicationCategoryType = "public.app-category.entertainment";
				INFOPLIST_KEY_UIApplicationSceneManifest_Generation = YES;
				INFOPLIST_KEY_UIApplicationSupportsIndirectInputEvents = YES;
				INFOPLIST_KEY_UILaunchScreen_Generation = YES;
				INFOPLIST_KEY_UISupportedInterfaceOrientations = UIInterfaceOrientationPortrait;
				LD_RUNPATH_SEARCH_PATHS = (
					"$(inherited)",
					"@executable_path/Frameworks",
				);
				MARKETING_VERSION = 1.0.0;
				PRODUCT_BUNDLE_IDENTIFIER = com.andrew.com.BlahBlahChatApp;
				PRODUCT_NAME = "$(TARGET_NAME)";
				SWIFT_EMIT_LOC_STRINGS = YES;
				SWIFT_VERSION = 5.0;
				TARGETED_DEVICE_FAMILY = "1,2";
			};
			name = Release;
		};
/* End XCBuildConfiguration section */

/* Begin XCConfigurationList section */
		7E6557892C595653003BF801 /* Build configuration list for PBXProject "BlahBlahChatApp" */ = {
			isa = XCConfigurationList;
			buildConfigurations = (
				7E65579A2C595655003BF801 /* Debug */,
				7E65579B2C595655003BF801 /* Release */,
			);
			defaultConfigurationIsVisible = 0;
			defaultConfigurationName = Release;
		};
		7E65579C2C595655003BF801 /* Build configuration list for PBXNativeTarget "BlahBlahChatApp" */ = {
			isa = XCConfigurationList;
			buildConfigurations = (
				7E65579D2C595655003BF801 /* Debug */,
				7E65579E2C595655003BF801 /* Release */,
			);
			defaultConfigurationIsVisible = 0;
			defaultConfigurationName = Release;
		};
/* End XCConfigurationList section */
	};
	rootObject = 7E6557862C595653003BF801 /* Project object */;
}
