// !$*UTF8*$!
{
	archiveVersion = 1;
	classes = {
	};
	objectVersion = 56;
	objects = {

/* Begin PBXBuildFile section */
		7E4729682C5AA19100C30201 /* LoginConstant.swift in Sources */ = {isa = PBXBuildFile; fileRef = 7E4729672C5AA19100C30201 /* LoginConstant.swift */; };
		7E47296B2C5AA5BC00C30201 /* ThirdPartyLoginView.swift in Sources */ = {isa = PBXBuildFile; fileRef = 7E47296A2C5AA5BC00C30201 /* ThirdPartyLoginView.swift */; };
		7E4B5C682C5B92FD00E8D561 /* RegistrationViewModel.swift in Sources */ = {isa = PBXBuildFile; fileRef = 7E4B5C672C5B92FD00E8D561 /* RegistrationViewModel.swift */; };
		7E4B5C6A2C5B99D400E8D561 /* AddEmailView.swift in Sources */ = {isa = PBXBuildFile; fileRef = 7E4B5C692C5B99D400E8D561 /* AddEmailView.swift */; };
		7E4B5C6C2C5B9A1200E8D561 /* AddEmailConst.swift in Sources */ = {isa = PBXBuildFile; fileRef = 7E4B5C6B2C5B9A1200E8D561 /* AddEmailConst.swift */; };
		7E6557922C595653003BF801 /* BlahBlahChatAppApp.swift in Sources */ = {isa = PBXBuildFile; fileRef = 7E6557912C595653003BF801 /* BlahBlahChatAppApp.swift */; };
		7E6557942C595653003BF801 /* ContentView.swift in Sources */ = {isa = PBXBuildFile; fileRef = 7E6557932C595653003BF801 /* ContentView.swift */; };
		7E6557962C595655003BF801 /* Assets.xcassets in Resources */ = {isa = PBXBuildFile; fileRef = 7E6557952C595655003BF801 /* Assets.xcassets */; };
		7E6557992C595655003BF801 /* Preview Assets.xcassets in Resources */ = {isa = PBXBuildFile; fileRef = 7E6557982C595655003BF801 /* Preview Assets.xcassets */; };
		7E6557AB2C595A9C003BF801 /* LoginView.swift in Sources */ = {isa = PBXBuildFile; fileRef = 7E6557AA2C595A9C003BF801 /* LoginView.swift */; };
		7E6557AE2C595AB4003BF801 /* SignupView.swift in Sources */ = {isa = PBXBuildFile; fileRef = 7E6557AD2C595AB4003BF801 /* SignupView.swift */; };
		7EA7CA322C5B32E600887395 /* ColorExtension.swift in Sources */ = {isa = PBXBuildFile; fileRef = 7EA7CA312C5B32E600887395 /* ColorExtension.swift */; };
		7EA7CA352C5B376E00887395 /* MailAndPasswordTextField.swift in Sources */ = {isa = PBXBuildFile; fileRef = 7EA7CA342C5B376E00887395 /* MailAndPasswordTextField.swift */; };
		7EA7CA382C5B399A00887395 /* LoginViewModel.swift in Sources */ = {isa = PBXBuildFile; fileRef = 7EA7CA372C5B399A00887395 /* LoginViewModel.swift */; };
		7EA7CA3B2C5B3D0B00887395 /* Caros-Bold.otf in Resources */ = {isa = PBXBuildFile; fileRef = 7EA7CA3A2C5B3D0B00887395 /* Caros-Bold.otf */; };
		7EA7CA3D2C5B3D2300887395 /* Caros-Medium.otf in Resources */ = {isa = PBXBuildFile; fileRef = 7EA7CA3C2C5B3D2300887395 /* Caros-Medium.otf */; };
		7EA7CA402C5B3F8F00887395 /* FontExtension.swift in Sources */ = {isa = PBXBuildFile; fileRef = 7EA7CA3F2C5B3F8F00887395 /* FontExtension.swift */; };
		7EA7CA432C5B503600887395 /* ImageExtension.swift in Sources */ = {isa = PBXBuildFile; fileRef = 7EA7CA422C5B503600887395 /* ImageExtension.swift */; };
		7EA7CA462C5B50F200887395 /* LoginEnum.swift in Sources */ = {isa = PBXBuildFile; fileRef = 7EA7CA452C5B50F200887395 /* LoginEnum.swift */; };
		7EA7CA4A2C5B7B6100887395 /* SignupConstant.swift in Sources */ = {isa = PBXBuildFile; fileRef = 7EA7CA492C5B7B6100887395 /* SignupConstant.swift */; };
/* End PBXBuildFile section */

/* Begin PBXFileReference section */
		7E4729672C5AA19100C30201 /* LoginConstant.swift */ = {isa = PBXFileReference; lastKnownFileType = sourcecode.swift; path = LoginConstant.swift; sourceTree = "<group>"; };
		7E47296A2C5AA5BC00C30201 /* ThirdPartyLoginView.swift */ = {isa = PBXFileReference; lastKnownFileType = sourcecode.swift; path = ThirdPartyLoginView.swift; sourceTree = "<group>"; };
		7E4B5C672C5B92FD00E8D561 /* RegistrationViewModel.swift */ = {isa = PBXFileReference; lastKnownFileType = sourcecode.swift; path = RegistrationViewModel.swift; sourceTree = "<group>"; };
		7E4B5C692C5B99D400E8D561 /* AddEmailView.swift */ = {isa = PBXFileReference; lastKnownFileType = sourcecode.swift; path = AddEmailView.swift; sourceTree = "<group>"; };
		7E4B5C6B2C5B9A1200E8D561 /* AddEmailConst.swift */ = {isa = PBXFileReference; lastKnownFileType = sourcecode.swift; path = AddEmailConst.swift; sourceTree = "<group>"; };
		7E65578E2C595653003BF801 /* BlahBlahChatApp.app */ = {isa = PBXFileReference; explicitFileType = wrapper.application; includeInIndex = 0; path = BlahBlahChatApp.app; sourceTree = BUILT_PRODUCTS_DIR; };
		7E6557912C595653003BF801 /* BlahBlahChatAppApp.swift */ = {isa = PBXFileReference; lastKnownFileType = sourcecode.swift; path = BlahBlahChatAppApp.swift; sourceTree = "<group>"; };
		7E6557932C595653003BF801 /* ContentView.swift */ = {isa = PBXFileReference; lastKnownFileType = sourcecode.swift; path = ContentView.swift; sourceTree = "<group>"; };
		7E6557952C595655003BF801 /* Assets.xcassets */ = {isa = PBXFileReference; lastKnownFileType = folder.assetcatalog; path = Assets.xcassets; sourceTree = "<group>"; };
		7E6557982C595655003BF801 /* Preview Assets.xcassets */ = {isa = PBXFileReference; lastKnownFileType = folder.assetcatalog; path = "Preview Assets.xcassets"; sourceTree = "<group>"; };
		7E6557AA2C595A9C003BF801 /* LoginView.swift */ = {isa = PBXFileReference; lastKnownFileType = sourcecode.swift; path = LoginView.swift; sourceTree = "<group>"; };
		7E6557AD2C595AB4003BF801 /* SignupView.swift */ = {isa = PBXFileReference; lastKnownFileType = sourcecode.swift; path = SignupView.swift; sourceTree = "<group>"; };
		7EA7CA312C5B32E600887395 /* ColorExtension.swift */ = {isa = PBXFileReference; lastKnownFileType = sourcecode.swift; path = ColorExtension.swift; sourceTree = "<group>"; };
		7EA7CA342C5B376E00887395 /* MailAndPasswordTextField.swift */ = {isa = PBXFileReference; lastKnownFileType = sourcecode.swift; path = MailAndPasswordTextField.swift; sourceTree = "<group>"; };
		7EA7CA372C5B399A00887395 /* LoginViewModel.swift */ = {isa = PBXFileReference; lastKnownFileType = sourcecode.swift; path = LoginViewModel.swift; sourceTree = "<group>"; };
		7EA7CA3A2C5B3D0B00887395 /* Caros-Bold.otf */ = {isa = PBXFileReference; lastKnownFileType = file; path = "Caros-Bold.otf"; sourceTree = "<group>"; };
		7EA7CA3C2C5B3D2300887395 /* Caros-Medium.otf */ = {isa = PBXFileReference; lastKnownFileType = file; path = "Caros-Medium.otf"; sourceTree = "<group>"; };
		7EA7CA3E2C5B3D7300887395 /* Info.plist */ = {isa = PBXFileReference; lastKnownFileType = text.plist; path = Info.plist; sourceTree = "<group>"; };
		7EA7CA3F2C5B3F8F00887395 /* FontExtension.swift */ = {isa = PBXFileReference; lastKnownFileType = sourcecode.swift; path = FontExtension.swift; sourceTree = "<group>"; };
		7EA7CA422C5B503600887395 /* ImageExtension.swift */ = {isa = PBXFileReference; lastKnownFileType = sourcecode.swift; path = ImageExtension.swift; sourceTree = "<group>"; };
		7EA7CA452C5B50F200887395 /* LoginEnum.swift */ = {isa = PBXFileReference; lastKnownFileType = sourcecode.swift; path = LoginEnum.swift; sourceTree = "<group>"; };
		7EA7CA492C5B7B6100887395 /* SignupConstant.swift */ = {isa = PBXFileReference; lastKnownFileType = sourcecode.swift; path = SignupConstant.swift; sourceTree = "<group>"; };
/* End PBXFileReference section */

/* Begin PBXFrameworksBuildPhase section */
		7E65578B2C595653003BF801 /* Frameworks */ = {
			isa = PBXFrameworksBuildPhase;
			buildActionMask = 2147483647;
			files = (
			);
			runOnlyForDeploymentPostprocessing = 0;
		};
/* End PBXFrameworksBuildPhase section */

/* Begin PBXGroup section */
		7E4729652C5AA17400C30201 /* Constant */ = {
			isa = PBXGroup;
			children = (
				7EA7CA482C5B7B1A00887395 /* Signup */,
				7E4729662C5AA18400C30201 /* Login */,
			);
			path = Constant;
			sourceTree = "<group>";
		};
		7E4729662C5AA18400C30201 /* Login */ = {
			isa = PBXGroup;
			children = (
				7E4729672C5AA19100C30201 /* LoginConstant.swift */,
			);
			path = Login;
			sourceTree = "<group>";
		};
		7E4729692C5AA57D00C30201 /* Components */ = {
			isa = PBXGroup;
			children = (
				7E4B5C6E2C5B9A6D00E8D561 /* ReuseModifier */,
				7E4B5C6D2C5B9A5F00E8D561 /* ReuseView */,
				7EA7CA342C5B376E00887395 /* MailAndPasswordTextField.swift */,
			);
			path = Components;
			sourceTree = "<group>";
		};
		7E4B5C662C5B92E600E8D561 /* ViewModel */ = {
			isa = PBXGroup;
			children = (
				7E4B5C672C5B92FD00E8D561 /* RegistrationViewModel.swift */,
			);
			path = ViewModel;
			sourceTree = "<group>";
		};
		7E4B5C6D2C5B9A5F00E8D561 /* ReuseView */ = {
			isa = PBXGroup;
			children = (
				7EA7CA332C5B374D00887395 /* Login */,
			);
			path = ReuseView;
			sourceTree = "<group>";
		};
		7E4B5C6E2C5B9A6D00E8D561 /* ReuseModifier */ = {
			isa = PBXGroup;
			children = (
			);
			path = ReuseModifier;
			sourceTree = "<group>";
		};
		7E6557852C595652003BF801 = {
			isa = PBXGroup;
			children = (
				7E6557902C595653003BF801 /* BlahBlahChatApp */,
				7E65578F2C595653003BF801 /* Products */,
			);
			sourceTree = "<group>";
		};
		7E65578F2C595653003BF801 /* Products */ = {
			isa = PBXGroup;
			children = (
				7E65578E2C595653003BF801 /* BlahBlahChatApp.app */,
			);
			name = Products;
			sourceTree = "<group>";
		};
		7E6557902C595653003BF801 /* BlahBlahChatApp */ = {
			isa = PBXGroup;
			children = (
				7EA7CA3E2C5B3D7300887395 /* Info.plist */,
				7E65579F2C59581F003BF801 /* App */,
				7E4729652C5AA17400C30201 /* Constant */,
				7E6557A02C59582A003BF801 /* Core */,
				7EA7CA442C5B50DB00887395 /* Enum */,
				7E6557A22C59586A003BF801 /* Extension */,
				7EA7CA392C5B3CEC00887395 /* Fonts */,
				7E6557A12C595865003BF801 /* Model */,
				7E6557A32C595873003BF801 /* Service */,
				7E6557952C595655003BF801 /* Assets.xcassets */,
				7E6557972C595655003BF801 /* Preview Content */,
			);
			path = BlahBlahChatApp;
			sourceTree = "<group>";
		};
		7E6557972C595655003BF801 /* Preview Content */ = {
			isa = PBXGroup;
			children = (
				7E6557982C595655003BF801 /* Preview Assets.xcassets */,
			);
			path = "Preview Content";
			sourceTree = "<group>";
		};
		7E65579F2C59581F003BF801 /* App */ = {
			isa = PBXGroup;
			children = (
				7E6557912C595653003BF801 /* BlahBlahChatAppApp.swift */,
			);
			path = App;
			sourceTree = "<group>";
		};
		7E6557A02C59582A003BF801 /* Core */ = {
			isa = PBXGroup;
			children = (
				7E4729692C5AA57D00C30201 /* Components */,
				7E6557A62C595A67003BF801 /* Authentication */,
				7E6557A42C59587A003BF801 /* Root */,
			);
			path = Core;
			sourceTree = "<group>";
		};
		7E6557A12C595865003BF801 /* Model */ = {
			isa = PBXGroup;
			children = (
			);
			path = Model;
			sourceTree = "<group>";
		};
		7E6557A22C59586A003BF801 /* Extension */ = {
			isa = PBXGroup;
			children = (
				7EA7CA412C5B500D00887395 /* UtilitiesExtension */,
			);
			path = Extension;
			sourceTree = "<group>";
		};
		7E6557A32C595873003BF801 /* Service */ = {
			isa = PBXGroup;
			children = (
			);
			path = Service;
			sourceTree = "<group>";
		};
		7E6557A42C59587A003BF801 /* Root */ = {
			isa = PBXGroup;
			children = (
				7E6557A52C5958A8003BF801 /* View */,
			);
			path = Root;
			sourceTree = "<group>";
		};
		7E6557A52C5958A8003BF801 /* View */ = {
			isa = PBXGroup;
			children = (
				7E6557932C595653003BF801 /* ContentView.swift */,
			);
			path = View;
			sourceTree = "<group>";
		};
		7E6557A62C595A67003BF801 /* Authentication */ = {
			isa = PBXGroup;
			children = (
				7E6557A82C595A7F003BF801 /* Signup */,
				7E6557A72C595A71003BF801 /* Login */,
			);
			path = Authentication;
			sourceTree = "<group>";
		};
		7E6557A72C595A71003BF801 /* Login */ = {
			isa = PBXGroup;
			children = (
				7EA7CA362C5B398D00887395 /* Model */,
				7E6557A92C595A87003BF801 /* View */,
			);
			path = Login;
			sourceTree = "<group>";
		};
		7E6557A82C595A7F003BF801 /* Signup */ = {
			isa = PBXGroup;
			children = (
				7E4B5C662C5B92E600E8D561 /* ViewModel */,
				7E6557AC2C595AA8003BF801 /* View */,
			);
			path = Signup;
			sourceTree = "<group>";
		};
		7E6557A92C595A87003BF801 /* View */ = {
			isa = PBXGroup;
			children = (
				7E6557AA2C595A9C003BF801 /* LoginView.swift */,
			);
			path = View;
			sourceTree = "<group>";
		};
		7E6557AC2C595AA8003BF801 /* View */ = {
			isa = PBXGroup;
			children = (
				7E6557AD2C595AB4003BF801 /* SignupView.swift */,
				7E4B5C692C5B99D400E8D561 /* AddEmailView.swift */,
			);
			path = View;
			sourceTree = "<group>";
		};
		7EA7CA332C5B374D00887395 /* Login */ = {
			isa = PBXGroup;
			children = (
				7E47296A2C5AA5BC00C30201 /* ThirdPartyLoginView.swift */,
			);
			path = Login;
			sourceTree = "<group>";
		};
		7EA7CA362C5B398D00887395 /* Model */ = {
			isa = PBXGroup;
			children = (
				7EA7CA372C5B399A00887395 /* LoginViewModel.swift */,
			);
			path = Model;
			sourceTree = "<group>";
		};
		7EA7CA392C5B3CEC00887395 /* Fonts */ = {
			isa = PBXGroup;
			children = (
				7EA7CA3C2C5B3D2300887395 /* Caros-Medium.otf */,
				7EA7CA3A2C5B3D0B00887395 /* Caros-Bold.otf */,
			);
			path = Fonts;
			sourceTree = "<group>";
		};
		7EA7CA412C5B500D00887395 /* UtilitiesExtension */ = {
			isa = PBXGroup;
			children = (
				7EA7CA312C5B32E600887395 /* ColorExtension.swift */,
				7EA7CA3F2C5B3F8F00887395 /* FontExtension.swift */,
				7EA7CA422C5B503600887395 /* ImageExtension.swift */,
			);
			path = UtilitiesExtension;
			sourceTree = "<group>";
		};
		7EA7CA442C5B50DB00887395 /* Enum */ = {
			isa = PBXGroup;
			children = (
				7EA7CA472C5B50F600887395 /* Login */,
			);
			path = Enum;
			sourceTree = "<group>";
		};
		7EA7CA472C5B50F600887395 /* Login */ = {
			isa = PBXGroup;
			children = (
				7EA7CA452C5B50F200887395 /* LoginEnum.swift */,
			);
			path = Login;
			sourceTree = "<group>";
		};
		7EA7CA482C5B7B1A00887395 /* Signup */ = {
			isa = PBXGroup;
			children = (
				7EA7CA492C5B7B6100887395 /* SignupConstant.swift */,
				7E4B5C6B2C5B9A1200E8D561 /* AddEmailConst.swift */,
			);
			path = Signup;
			sourceTree = "<group>";
		};
/* End PBXGroup section */

/* Begin PBXNativeTarget section */
		7E65578D2C595653003BF801 /* BlahBlahChatApp */ = {
			isa = PBXNativeTarget;
			buildConfigurationList = 7E65579C2C595655003BF801 /* Build configuration list for PBXNativeTarget "BlahBlahChatApp" */;
			buildPhases = (
				7E65578A2C595653003BF801 /* Sources */,
				7E65578B2C595653003BF801 /* Frameworks */,
				7E65578C2C595653003BF801 /* Resources */,
			);
			buildRules = (
			);
			dependencies = (
			);
			name = BlahBlahChatApp;
			productName = BlahBlahChatApp;
			productReference = 7E65578E2C595653003BF801 /* BlahBlahChatApp.app */;
			productType = "com.apple.product-type.application";
		};
/* End PBXNativeTarget section */

/* Begin PBXProject section */
		7E6557862C595653003BF801 /* Project object */ = {
			isa = PBXProject;
			attributes = {
				BuildIndependentTargetsInParallel = 1;
				LastSwiftUpdateCheck = 1520;
				LastUpgradeCheck = 1520;
				TargetAttributes = {
					7E65578D2C595653003BF801 = {
						CreatedOnToolsVersion = 15.2;
					};
				};
			};
			buildConfigurationList = 7E6557892C595653003BF801 /* Build configuration list for PBXProject "BlahBlahChatApp" */;
			compatibilityVersion = "Xcode 14.0";
			developmentRegion = en;
			hasScannedForEncodings = 0;
			knownRegions = (
				en,
				Base,
			);
			mainGroup = 7E6557852C595652003BF801;
			productRefGroup = 7E65578F2C595653003BF801 /* Products */;
			projectDirPath = "";
			projectRoot = "";
			targets = (
				7E65578D2C595653003BF801 /* BlahBlahChatApp */,
			);
		};
/* End PBXProject section */

/* Begin PBXResourcesBuildPhase section */
		7E65578C2C595653003BF801 /* Resources */ = {
			isa = PBXResourcesBuildPhase;
			buildActionMask = 2147483647;
			files = (
				7EA7CA3B2C5B3D0B00887395 /* Caros-Bold.otf in Resources */,
				7EA7CA3D2C5B3D2300887395 /* Caros-Medium.otf in Resources */,
				7E6557992C595655003BF801 /* Preview Assets.xcassets in Resources */,
				7E6557962C595655003BF801 /* Assets.xcassets in Resources */,
			);
			runOnlyForDeploymentPostprocessing = 0;
		};
/* End PBXResourcesBuildPhase section */

/* Begin PBXSourcesBuildPhase section */
		7E65578A2C595653003BF801 /* Sources */ = {
			isa = PBXSourcesBuildPhase;
			buildActionMask = 2147483647;
			files = (
				7E4B5C6A2C5B99D400E8D561 /* AddEmailView.swift in Sources */,
				7EA7CA402C5B3F8F00887395 /* FontExtension.swift in Sources */,
				7E6557AE2C595AB4003BF801 /* SignupView.swift in Sources */,
				7E4729682C5AA19100C30201 /* LoginConstant.swift in Sources */,
				7E6557AB2C595A9C003BF801 /* LoginView.swift in Sources */,
				7EA7CA462C5B50F200887395 /* LoginEnum.swift in Sources */,
				7E4B5C6C2C5B9A1200E8D561 /* AddEmailConst.swift in Sources */,
				7EA7CA352C5B376E00887395 /* MailAndPasswordTextField.swift in Sources */,
				7EA7CA4A2C5B7B6100887395 /* SignupConstant.swift in Sources */,
				7E6557942C595653003BF801 /* ContentView.swift in Sources */,
				7E6557922C595653003BF801 /* BlahBlahChatAppApp.swift in Sources */,
				7EA7CA322C5B32E600887395 /* ColorExtension.swift in Sources */,
				7E4B5C682C5B92FD00E8D561 /* RegistrationViewModel.swift in Sources */,
				7E47296B2C5AA5BC00C30201 /* ThirdPartyLoginView.swift in Sources */,
				7EA7CA432C5B503600887395 /* ImageExtension.swift in Sources */,
				7EA7CA382C5B399A00887395 /* LoginViewModel.swift in Sources */,
			);
			runOnlyForDeploymentPostprocessing = 0;
		};
/* End PBXSourcesBuildPhase section */

/* Begin XCBuildConfiguration section */
		7E65579A2C595655003BF801 /* Debug */ = {
			isa = XCBuildConfiguration;
			buildSettings = {
				ALWAYS_SEARCH_USER_PATHS = NO;
				ASSETCATALOG_COMPILER_GENERATE_SWIFT_ASSET_SYMBOL_EXTENSIONS = YES;
				CLANG_ANALYZER_NONNULL = YES;
				CLANG_ANALYZER_NUMBER_OBJECT_CONVERSION = YES_AGGRESSIVE;
				CLANG_CXX_LANGUAGE_STANDARD = "gnu++20";
				CLANG_ENABLE_MODULES = YES;
				CLANG_ENABLE_OBJC_ARC = YES;
				CLANG_ENABLE_OBJC_WEAK = YES;
				CLANG_WARN_BLOCK_CAPTURE_AUTORELEASING = YES;
				CLANG_WARN_BOOL_CONVERSION = YES;
				CLANG_WARN_COMMA = YES;
				CLANG_WARN_CONSTANT_CONVERSION = YES;
				CLANG_WARN_DEPRECATED_OBJC_IMPLEMENTATIONS = YES;
				CLANG_WARN_DIRECT_OBJC_ISA_USAGE = YES_ERROR;
				CLANG_WARN_DOCUMENTATION_COMMENTS = YES;
				CLANG_WARN_EMPTY_BODY = YES;
				CLANG_WARN_ENUM_CONVERSION = YES;
				CLANG_WARN_INFINITE_RECURSION = YES;
				CLANG_WARN_INT_CONVERSION = YES;
				CLANG_WARN_NON_LITERAL_NULL_CONVERSION = YES;
				CLANG_WARN_OBJC_IMPLICIT_RETAIN_SELF = YES;
				CLANG_WARN_OBJC_LITERAL_CONVERSION = YES;
				CLANG_WARN_OBJC_ROOT_CLASS = YES_ERROR;
				CLANG_WARN_QUOTED_INCLUDE_IN_FRAMEWORK_HEADER = YES;
				CLANG_WARN_RANGE_LOOP_ANALYSIS = YES;
				CLANG_WARN_STRICT_PROTOTYPES = YES;
				CLANG_WARN_SUSPICIOUS_MOVE = YES;
				CLANG_WARN_UNGUARDED_AVAILABILITY = YES_AGGRESSIVE;
				CLANG_WARN_UNREACHABLE_CODE = YES;
				CLANG_WARN__DUPLICATE_METHOD_MATCH = YES;
				COPY_PHASE_STRIP = NO;
				DEBUG_INFORMATION_FORMAT = dwarf;
				ENABLE_STRICT_OBJC_MSGSEND = YES;
				ENABLE_TESTABILITY = YES;
				ENABLE_USER_SCRIPT_SANDBOXING = YES;
				GCC_C_LANGUAGE_STANDARD = gnu17;
				GCC_DYNAMIC_NO_PIC = NO;
				GCC_NO_COMMON_BLOCKS = YES;
				GCC_OPTIMIZATION_LEVEL = 0;
				GCC_PREPROCESSOR_DEFINITIONS = (
					"DEBUG=1",
					"$(inherited)",
				);
				GCC_WARN_64_TO_32_BIT_CONVERSION = YES;
				GCC_WARN_ABOUT_RETURN_TYPE = YES_ERROR;
				GCC_WARN_UNDECLARED_SELECTOR = YES;
				GCC_WARN_UNINITIALIZED_AUTOS = YES_AGGRESSIVE;
				GCC_WARN_UNUSED_FUNCTION = YES;
				GCC_WARN_UNUSED_VARIABLE = YES;
				IPHONEOS_DEPLOYMENT_TARGET = 16.0;
				LOCALIZATION_PREFERS_STRING_CATALOGS = YES;
				MTL_ENABLE_DEBUG_INFO = INCLUDE_SOURCE;
				MTL_FAST_MATH = YES;
				ONLY_ACTIVE_ARCH = YES;
				SDKROOT = iphoneos;
				SWIFT_ACTIVE_COMPILATION_CONDITIONS = "DEBUG $(inherited)";
				SWIFT_OPTIMIZATION_LEVEL = "-Onone";
			};
			name = Debug;
		};
		7E65579B2C595655003BF801 /* Release */ = {
			isa = XCBuildConfiguration;
			buildSettings = {
				ALWAYS_SEARCH_USER_PATHS = NO;
				ASSETCATALOG_COMPILER_GENERATE_SWIFT_ASSET_SYMBOL_EXTENSIONS = YES;
				CLANG_ANALYZER_NONNULL = YES;
				CLANG_ANALYZER_NUMBER_OBJECT_CONVERSION = YES_AGGRESSIVE;
				CLANG_CXX_LANGUAGE_STANDARD = "gnu++20";
				CLANG_ENABLE_MODULES = YES;
				CLANG_ENABLE_OBJC_ARC = YES;
				CLANG_ENABLE_OBJC_WEAK = YES;
				CLANG_WARN_BLOCK_CAPTURE_AUTORELEASING = YES;
				CLANG_WARN_BOOL_CONVERSION = YES;
				CLANG_WARN_COMMA = YES;
				CLANG_WARN_CONSTANT_CONVERSION = YES;
				CLANG_WARN_DEPRECATED_OBJC_IMPLEMENTATIONS = YES;
				CLANG_WARN_DIRECT_OBJC_ISA_USAGE = YES_ERROR;
				CLANG_WARN_DOCUMENTATION_COMMENTS = YES;
				CLANG_WARN_EMPTY_BODY = YES;
				CLANG_WARN_ENUM_CONVERSION = YES;
				CLANG_WARN_INFINITE_RECURSION = YES;
				CLANG_WARN_INT_CONVERSION = YES;
				CLANG_WARN_NON_LITERAL_NULL_CONVERSION = YES;
				CLANG_WARN_OBJC_IMPLICIT_RETAIN_SELF = YES;
				CLANG_WARN_OBJC_LITERAL_CONVERSION = YES;
				CLANG_WARN_OBJC_ROOT_CLASS = YES_ERROR;
				CLANG_WARN_QUOTED_INCLUDE_IN_FRAMEWORK_HEADER = YES;
				CLANG_WARN_RANGE_LOOP_ANALYSIS = YES;
				CLANG_WARN_STRICT_PROTOTYPES = YES;
				CLANG_WARN_SUSPICIOUS_MOVE = YES;
				CLANG_WARN_UNGUARDED_AVAILABILITY = YES_AGGRESSIVE;
				CLANG_WARN_UNREACHABLE_CODE = YES;
				CLANG_WARN__DUPLICATE_METHOD_MATCH = YES;
				COPY_PHASE_STRIP = NO;
				DEBUG_INFORMATION_FORMAT = "dwarf-with-dsym";
				ENABLE_NS_ASSERTIONS = NO;
				ENABLE_STRICT_OBJC_MSGSEND = YES;
				ENABLE_USER_SCRIPT_SANDBOXING = YES;
				GCC_C_LANGUAGE_STANDARD = gnu17;
				GCC_NO_COMMON_BLOCKS = YES;
				GCC_WARN_64_TO_32_BIT_CONVERSION = YES;
				GCC_WARN_ABOUT_RETURN_TYPE = YES_ERROR;
				GCC_WARN_UNDECLARED_SELECTOR = YES;
				GCC_WARN_UNINITIALIZED_AUTOS = YES_AGGRESSIVE;
				GCC_WARN_UNUSED_FUNCTION = YES;
				GCC_WARN_UNUSED_VARIABLE = YES;
				IPHONEOS_DEPLOYMENT_TARGET = 16.0;
				LOCALIZATION_PREFERS_STRING_CATALOGS = YES;
				MTL_ENABLE_DEBUG_INFO = NO;
				MTL_FAST_MATH = YES;
				SDKROOT = iphoneos;
				SWIFT_COMPILATION_MODE = wholemodule;
				VALIDATE_PRODUCT = YES;
			};
			name = Release;
		};
		7E65579D2C595655003BF801 /* Debug */ = {
			isa = XCBuildConfiguration;
			buildSettings = {
				ASSETCATALOG_COMPILER_APPICON_NAME = AppIcon;
				ASSETCATALOG_COMPILER_GLOBAL_ACCENT_COLOR_NAME = AccentColor;
				ASSETCATALOG_COMPILER_INCLUDE_ALL_APPICON_ASSETS = YES;
				CODE_SIGN_IDENTITY = "Apple Development";
				CODE_SIGN_STYLE = Automatic;
				CURRENT_PROJECT_VERSION = 1;
				DEVELOPMENT_ASSET_PATHS = "\"BlahBlahChatApp/Preview Content\"";
				DEVELOPMENT_TEAM = 3686A6RW24;
				ENABLE_PREVIEWS = YES;
				GENERATE_INFOPLIST_FILE = YES;
				INFOPLIST_FILE = BlahBlahChatApp/Info.plist;
				INFOPLIST_KEY_CFBundleDisplayName = BlahBlahChat;
				INFOPLIST_KEY_LSApplicationCategoryType = "public.app-category.entertainment";
				INFOPLIST_KEY_UIApplicationSceneManifest_Generation = YES;
				INFOPLIST_KEY_UIApplicationSupportsIndirectInputEvents = YES;
				INFOPLIST_KEY_UILaunchScreen_Generation = YES;
				INFOPLIST_KEY_UISupportedInterfaceOrientations = UIInterfaceOrientationPortrait;
				LD_RUNPATH_SEARCH_PATHS = (
					"$(inherited)",
					"@executable_path/Frameworks",
				);
				MARKETING_VERSION = 1.0.0;
				PRODUCT_BUNDLE_IDENTIFIER = com.andrew.com.BlahBlahChatApp;
				PRODUCT_NAME = "$(TARGET_NAME)";
				PROVISIONING_PROFILE_SPECIFIER = "";
				SUPPORTED_PLATFORMS = "iphoneos iphonesimulator";
				SUPPORTS_MACCATALYST = NO;
				SUPPORTS_MAC_DESIGNED_FOR_IPHONE_IPAD = NO;
				SUPPORTS_XR_DESIGNED_FOR_IPHONE_IPAD = NO;
				SWIFT_EMIT_LOC_STRINGS = YES;
				SWIFT_VERSION = 5.0;
				TARGETED_DEVICE_FAMILY = "1,2";
			};
			name = Debug;
		};
		7E65579E2C595655003BF801 /* Release */ = {
			isa = XCBuildConfiguration;
			buildSettings = {
				ASSETCATALOG_COMPILER_APPICON_NAME = AppIcon;
				ASSETCATALOG_COMPILER_GLOBAL_ACCENT_COLOR_NAME = AccentColor;
				ASSETCATALOG_COMPILER_INCLUDE_ALL_APPICON_ASSETS = YES;
				CODE_SIGN_IDENTITY = "Apple Development";
				CODE_SIGN_STYLE = Automatic;
				CURRENT_PROJECT_VERSION = 1;
				DEVELOPMENT_ASSET_PATHS = "\"BlahBlahChatApp/Preview Content\"";
				DEVELOPMENT_TEAM = 3686A6RW24;
				ENABLE_PREVIEWS = YES;
				GENERATE_INFOPLIST_FILE = YES;
				INFOPLIST_FILE = BlahBlahChatApp/Info.plist;
				INFOPLIST_KEY_CFBundleDisplayName = BlahBlahChat;
				INFOPLIST_KEY_LSApplicationCategoryType = "public.app-category.entertainment";
				INFOPLIST_KEY_UIApplicationSceneManifest_Generation = YES;
				INFOPLIST_KEY_UIApplicationSupportsIndirectInputEvents = YES;
				INFOPLIST_KEY_UILaunchScreen_Generation = YES;
				INFOPLIST_KEY_UISupportedInterfaceOrientations = UIInterfaceOrientationPortrait;
				LD_RUNPATH_SEARCH_PATHS = (
					"$(inherited)",
					"@executable_path/Frameworks",
				);
				MARKETING_VERSION = 1.0.0;
				PRODUCT_BUNDLE_IDENTIFIER = com.andrew.com.BlahBlahChatApp;
				PRODUCT_NAME = "$(TARGET_NAME)";
				PROVISIONING_PROFILE_SPECIFIER = "";
				SUPPORTED_PLATFORMS = "iphoneos iphonesimulator";
				SUPPORTS_MACCATALYST = NO;
				SUPPORTS_MAC_DESIGNED_FOR_IPHONE_IPAD = NO;
				SUPPORTS_XR_DESIGNED_FOR_IPHONE_IPAD = NO;
				SWIFT_EMIT_LOC_STRINGS = YES;
				SWIFT_VERSION = 5.0;
				TARGETED_DEVICE_FAMILY = "1,2";
			};
			name = Release;
		};
/* End XCBuildConfiguration section */

/* Begin XCConfigurationList section */
		7E6557892C595653003BF801 /* Build configuration list for PBXProject "BlahBlahChatApp" */ = {
			isa = XCConfigurationList;
			buildConfigurations = (
				7E65579A2C595655003BF801 /* Debug */,
				7E65579B2C595655003BF801 /* Release */,
			);
			defaultConfigurationIsVisible = 0;
			defaultConfigurationName = Release;
		};
		7E65579C2C595655003BF801 /* Build configuration list for PBXNativeTarget "BlahBlahChatApp" */ = {
			isa = XCConfigurationList;
			buildConfigurations = (
				7E65579D2C595655003BF801 /* Debug */,
				7E65579E2C595655003BF801 /* Release */,
			);
			defaultConfigurationIsVisible = 0;
			defaultConfigurationName = Release;
		};
/* End XCConfigurationList section */
	};
	rootObject = 7E6557862C595653003BF801 /* Project object */;
}
